
Microsoft Visual Studio Solution File, Format Version 12.00
# Visual Studio Version 17
VisualStudioVersion = 17.5.002.0
MinimumVisualStudioVersion = 10.0.40219.1
Project("{9A19103F-16F7-4668-BE54-9A1E7A4F7556}") = "tl2-tp10-2023-JavvG", "tl2-tp10-2023-JavvG.csproj", "{7B7198A8-9CAB-4FA7-A70D-EF05E3B580D8}"
EndProject
Global
	GlobalSection(SolutionConfigurationPlatforms) = preSolution
		Debug|Any CPU = Debug|Any CPU
		Release|Any CPU = Release|Any CPU
	EndGlobalSection
	GlobalSection(ProjectConfigurationPlatforms) = postSolution
		{7B7198A8-9CAB-4FA7-A70D-EF05E3B580D8}.Debug|Any CPU.ActiveCfg = Debug|Any CPU
		{7B7198A8-9CAB-4FA7-A70D-EF05E3B580D8}.Debug|Any CPU.Build.0 = Debug|Any CPU
		{7B7198A8-9CAB-4FA7-A70D-EF05E3B580D8}.Release|Any CPU.ActiveCfg = Release|Any CPU
		{7B7198A8-9CAB-4FA7-A70D-EF05E3B580D8}.Release|Any CPU.Build.0 = Release|Any CPU
	EndGlobalSection
	GlobalSection(SolutionProperties) = preSolution
		HideSolutionNode = FALSE
	EndGlobalSection
	GlobalSection(ExtensibilityGlobals) = postSolution
		SolutionGuid = {9371BA08-B32B-4617-B9A8-5D023FEA2347}
	EndGlobalSection
EndGlobal
